
Microsoft Visual Studio Solution File, Format Version 12.00
# Visual Studio Version 16
VisualStudioVersion = 16.0.29905.134
MinimumVisualStudioVersion = 10.0.40219.1
Project("{2150E333-8FDC-42A3-9474-1A3956D46DE8}") = "src", "src", "{A875207C-A6EC-419F-886A-3409225788E9}"
EndProject
Project("{9A19103F-16F7-4668-BE54-9A1E7A4F7556}") = "Skynet.Core", "src\Skynet.Core\Skynet.Core.csproj", "{F9D2D65F-F439-41D6-A7F4-EF1594A7DAFA}"
EndProject
Project("{9A19103F-16F7-4668-BE54-9A1E7A4F7556}") = "Skynet.Protocol", "src\Skynet.Protocol\Skynet.Protocol.csproj", "{1F8C6415-E840-4027-8137-B83DC5BECA44}"
EndProject
Project("{2150E333-8FDC-42A3-9474-1A3956D46DE8}") = "tests", "tests", "{B4FD2640-4ECD-4396-80AB-BCD331922AA3}"
EndProject
Project("{9A19103F-16F7-4668-BE54-9A1E7A4F7556}") = "Skynet.Core.Tests", "tests\Skynet.Core.Tests\Skynet.Core.Tests.csproj", "{C07DEB2D-CA4B-44CC-8B67-EEA458F01BDC}"
EndProject
Project("{2150E333-8FDC-42A3-9474-1A3956D46DE8}") = "_", "_", "{1A7D56C5-2B1A-4CA6-BF5F-7B3891E14A02}"
	ProjectSection(SolutionItems) = preProject
		azure-pipelines.yml = azure-pipelines.yml
	EndProjectSection
EndProject
Global
	GlobalSection(SolutionConfigurationPlatforms) = preSolution
		Debug|Any CPU = Debug|Any CPU
		Release|Any CPU = Release|Any CPU
	EndGlobalSection
	GlobalSection(ProjectConfigurationPlatforms) = postSolution
		{F9D2D65F-F439-41D6-A7F4-EF1594A7DAFA}.Debug|Any CPU.ActiveCfg = Debug|Any CPU
		{F9D2D65F-F439-41D6-A7F4-EF1594A7DAFA}.Debug|Any CPU.Build.0 = Debug|Any CPU
		{F9D2D65F-F439-41D6-A7F4-EF1594A7DAFA}.Release|Any CPU.ActiveCfg = Release|Any CPU
		{F9D2D65F-F439-41D6-A7F4-EF1594A7DAFA}.Release|Any CPU.Build.0 = Release|Any CPU
		{1F8C6415-E840-4027-8137-B83DC5BECA44}.Debug|Any CPU.ActiveCfg = Debug|Any CPU
		{1F8C6415-E840-4027-8137-B83DC5BECA44}.Debug|Any CPU.Build.0 = Debug|Any CPU
		{1F8C6415-E840-4027-8137-B83DC5BECA44}.Release|Any CPU.ActiveCfg = Release|Any CPU
		{1F8C6415-E840-4027-8137-B83DC5BECA44}.Release|Any CPU.Build.0 = Release|Any CPU
		{C07DEB2D-CA4B-44CC-8B67-EEA458F01BDC}.Debug|Any CPU.ActiveCfg = Debug|Any CPU
		{C07DEB2D-CA4B-44CC-8B67-EEA458F01BDC}.Debug|Any CPU.Build.0 = Debug|Any CPU
		{C07DEB2D-CA4B-44CC-8B67-EEA458F01BDC}.Release|Any CPU.ActiveCfg = Release|Any CPU
		{C07DEB2D-CA4B-44CC-8B67-EEA458F01BDC}.Release|Any CPU.Build.0 = Release|Any CPU
	EndGlobalSection
	GlobalSection(SolutionProperties) = preSolution
		HideSolutionNode = FALSE
	EndGlobalSection
	GlobalSection(NestedProjects) = preSolution
		{F9D2D65F-F439-41D6-A7F4-EF1594A7DAFA} = {A875207C-A6EC-419F-886A-3409225788E9}
		{1F8C6415-E840-4027-8137-B83DC5BECA44} = {A875207C-A6EC-419F-886A-3409225788E9}
		{C07DEB2D-CA4B-44CC-8B67-EEA458F01BDC} = {B4FD2640-4ECD-4396-80AB-BCD331922AA3}
	EndGlobalSection
	GlobalSection(ExtensibilityGlobals) = postSolution
		SolutionGuid = {0F9F5513-F674-476B-98D5-9A53847AA3A0}
	EndGlobalSection
EndGlobal
